
Microsoft Visual Studio Solution File, Format Version 12.00
# Visual Studio 15
VisualStudioVersion = 15.0.27703.2026
MinimumVisualStudioVersion = 10.0.40219.1
Project("{FAE04EC0-301F-11D3-BF4B-00C04F79EFBC}") = "Blog.UI", "Blog.UI\Blog.UI.csproj", "{B551F307-D97F-4FE5-A914-161682A2D1A9}"
EndProject
Global
	GlobalSection(SolutionConfigurationPlatforms) = preSolution
		Debug|Any CPU = Debug|Any CPU
		Release|Any CPU = Release|Any CPU
	EndGlobalSection
	GlobalSection(ProjectConfigurationPlatforms) = postSolution
		{B551F307-D97F-4FE5-A914-161682A2D1A9}.Debug|Any CPU.ActiveCfg = Debug|Any CPU
		{B551F307-D97F-4FE5-A914-161682A2D1A9}.Debug|Any CPU.Build.0 = Debug|Any CPU
		{B551F307-D97F-4FE5-A914-161682A2D1A9}.Release|Any CPU.ActiveCfg = Release|Any CPU
		{B551F307-D97F-4FE5-A914-161682A2D1A9}.Release|Any CPU.Build.0 = Release|Any CPU
	EndGlobalSection
	GlobalSection(SolutionProperties) = preSolution
		HideSolutionNode = FALSE
	EndGlobalSection
	GlobalSection(ExtensibilityGlobals) = postSolution
		SolutionGuid = {1786B34B-ACA1-42D6-B072-370CE82C235B}
	EndGlobalSection
EndGlobal
